
Microsoft Visual Studio Solution File, Format Version 12.00
# Visual Studio Version 17
VisualStudioVersion = 17.0.31912.275
MinimumVisualStudioVersion = 10.0.40219.1
Project("{2150E333-8FDC-42A3-9474-1A3956D46DE8}") = "Solution Items", "Solution Items", "{06454499-9FD1-4ACF-925B-D7BE712DF55A}"
EndProject
Project("{8BC9CEB8-8B4A-11D0-8D11-00A0C91BC942}") = "Assignment0", "Assignment0\Assignment0.vcxproj", "{0AD6148E-63DA-49F3-8147-3ABFCC0199AA}"
EndProject
Project("{8BC9CEB8-8B4A-11D0-8D11-00A0C91BC942}") = "Assignment1", "Assignment1\Assignment1.vcxproj", "{19D117C6-4110-4065-BF16-DE70CA7B7988}"
EndProject
Project("{8BC9CEB8-8B4A-11D0-8D11-00A0C91BC942}") = "Assignment2", "Assignment2\Assignment2.vcxproj", "{C73A7090-2BAB-40A5-B618-7195E44C3AAC}"
EndProject
Project("{8BC9CEB8-8B4A-11D0-8D11-00A0C91BC942}") = "Assignment3", "Assignment3\Assignment3.vcxproj", "{A4C9667B-7E13-4A5B-8803-BC22E054DBDF}"
EndProject
Project("{8BC9CEB8-8B4A-11D0-8D11-00A0C91BC942}") = "Assignment4", "Assignment4\Assignment4.vcxproj", "{83D5698B-0C38-40BA-A461-303988883820}"
EndProject
Project("{8BC9CEB8-8B4A-11D0-8D11-00A0C91BC942}") = "Assignment5", "Assignment5\Assignment5.vcxproj", "{B387F15E-5FEC-4812-AC8A-39B94D044E0A}"
EndProject
Project("{8BC9CEB8-8B4A-11D0-8D11-00A0C91BC942}") = "Assignment6", "Assignment6\Assignment6.vcxproj", "{00CA237C-9930-462E-AA72-39198AEA5305}"
EndProject
Project("{8BC9CEB8-8B4A-11D0-8D11-00A0C91BC942}") = "Assignment7", "Assignment7\Assignment7.vcxproj", "{F2D1A542-1E63-48F6-85D9-65AE91F9389A}"
EndProject
Project("{8BC9CEB8-8B4A-11D0-8D11-00A0C91BC942}") = "Assignment8", "Assignment8\Assignment8.vcxproj", "{B4D5C86C-33D1-46FB-B5BB-8E585E10A445}"
EndProject
Global
	GlobalSection(SolutionConfigurationPlatforms) = preSolution
		Debug|x64 = Debug|x64
		Debug|x86 = Debug|x86
		Release|x64 = Release|x64
		Release|x86 = Release|x86
	EndGlobalSection
	GlobalSection(ProjectConfigurationPlatforms) = postSolution
		{0AD6148E-63DA-49F3-8147-3ABFCC0199AA}.Debug|x64.ActiveCfg = Debug|x64
		{0AD6148E-63DA-49F3-8147-3ABFCC0199AA}.Debug|x64.Build.0 = Debug|x64
		{0AD6148E-63DA-49F3-8147-3ABFCC0199AA}.Debug|x86.ActiveCfg = Debug|Win32
		{0AD6148E-63DA-49F3-8147-3ABFCC0199AA}.Debug|x86.Build.0 = Debug|Win32
		{0AD6148E-63DA-49F3-8147-3ABFCC0199AA}.Release|x64.ActiveCfg = Release|x64
		{0AD6148E-63DA-49F3-8147-3ABFCC0199AA}.Release|x64.Build.0 = Release|x64
		{0AD6148E-63DA-49F3-8147-3ABFCC0199AA}.Release|x86.ActiveCfg = Release|Win32
		{0AD6148E-63DA-49F3-8147-3ABFCC0199AA}.Release|x86.Build.0 = Release|Win32
		{19D117C6-4110-4065-BF16-DE70CA7B7988}.Debug|x64.ActiveCfg = Debug|x64
		{19D117C6-4110-4065-BF16-DE70CA7B7988}.Debug|x64.Build.0 = Debug|x64
		{19D117C6-4110-4065-BF16-DE70CA7B7988}.Debug|x86.ActiveCfg = Debug|Win32
		{19D117C6-4110-4065-BF16-DE70CA7B7988}.Debug|x86.Build.0 = Debug|Win32
		{19D117C6-4110-4065-BF16-DE70CA7B7988}.Release|x64.ActiveCfg = Release|x64
		{19D117C6-4110-4065-BF16-DE70CA7B7988}.Release|x64.Build.0 = Release|x64
		{19D117C6-4110-4065-BF16-DE70CA7B7988}.Release|x86.ActiveCfg = Release|Win32
		{19D117C6-4110-4065-BF16-DE70CA7B7988}.Release|x86.Build.0 = Release|Win32
		{C73A7090-2BAB-40A5-B618-7195E44C3AAC}.Debug|x64.ActiveCfg = Debug|x64
		{C73A7090-2BAB-40A5-B618-7195E44C3AAC}.Debug|x64.Build.0 = Debug|x64
		{C73A7090-2BAB-40A5-B618-7195E44C3AAC}.Debug|x86.ActiveCfg = Debug|Win32
		{C73A7090-2BAB-40A5-B618-7195E44C3AAC}.Debug|x86.Build.0 = Debug|Win32
		{C73A7090-2BAB-40A5-B618-7195E44C3AAC}.Release|x64.ActiveCfg = Release|x64
		{C73A7090-2BAB-40A5-B618-7195E44C3AAC}.Release|x64.Build.0 = Release|x64
		{C73A7090-2BAB-40A5-B618-7195E44C3AAC}.Release|x86.ActiveCfg = Release|Win32
		{C73A7090-2BAB-40A5-B618-7195E44C3AAC}.Release|x86.Build.0 = Release|Win32
		{A4C9667B-7E13-4A5B-8803-BC22E054DBDF}.Debug|x64.ActiveCfg = Debug|x64
		{A4C9667B-7E13-4A5B-8803-BC22E054DBDF}.Debug|x64.Build.0 = Debug|x64
		{A4C9667B-7E13-4A5B-8803-BC22E054DBDF}.Debug|x86.ActiveCfg = Debug|Win32
		{A4C9667B-7E13-4A5B-8803-BC22E054DBDF}.Debug|x86.Build.0 = Debug|Win32
		{A4C9667B-7E13-4A5B-8803-BC22E054DBDF}.Release|x64.ActiveCfg = Release|x64
		{A4C9667B-7E13-4A5B-8803-BC22E054DBDF}.Release|x64.Build.0 = Release|x64
		{A4C9667B-7E13-4A5B-8803-BC22E054DBDF}.Release|x86.ActiveCfg = Release|Win32
		{A4C9667B-7E13-4A5B-8803-BC22E054DBDF}.Release|x86.Build.0 = Release|Win32
		{83D5698B-0C38-40BA-A461-303988883820}.Debug|x64.ActiveCfg = Debug|x64
		{83D5698B-0C38-40BA-A461-303988883820}.Debug|x64.Build.0 = Debug|x64
		{83D5698B-0C38-40BA-A461-303988883820}.Debug|x86.ActiveCfg = Debug|Win32
		{83D5698B-0C38-40BA-A461-303988883820}.Debug|x86.Build.0 = Debug|Win32
		{83D5698B-0C38-40BA-A461-303988883820}.Release|x64.ActiveCfg = Release|x64
		{83D5698B-0C38-40BA-A461-303988883820}.Release|x64.Build.0 = Release|x64
		{83D5698B-0C38-40BA-A461-303988883820}.Release|x86.ActiveCfg = Release|Win32
		{83D5698B-0C38-40BA-A461-303988883820}.Release|x86.Build.0 = Release|Win32
		{B387F15E-5FEC-4812-AC8A-39B94D044E0A}.Debug|x64.ActiveCfg = Debug|x64
		{B387F15E-5FEC-4812-AC8A-39B94D044E0A}.Debug|x64.Build.0 = Debug|x64
		{B387F15E-5FEC-4812-AC8A-39B94D044E0A}.Debug|x86.ActiveCfg = Debug|Win32
		{B387F15E-5FEC-4812-AC8A-39B94D044E0A}.Debug|x86.Build.0 = Debug|Win32
		{B387F15E-5FEC-4812-AC8A-39B94D044E0A}.Release|x64.ActiveCfg = Release|x64
		{B387F15E-5FEC-4812-AC8A-39B94D044E0A}.Release|x64.Build.0 = Release|x64
		{B387F15E-5FEC-4812-AC8A-39B94D044E0A}.Release|x86.ActiveCfg = Release|Win32
		{B387F15E-5FEC-4812-AC8A-39B94D044E0A}.Release|x86.Build.0 = Release|Win32
		{00CA237C-9930-462E-AA72-39198AEA5305}.Debug|x64.ActiveCfg = Debug|x64
		{00CA237C-9930-462E-AA72-39198AEA5305}.Debug|x64.Build.0 = Debug|x64
		{00CA237C-9930-462E-AA72-39198AEA5305}.Debug|x86.ActiveCfg = Debug|Win32
		{00CA237C-9930-462E-AA72-39198AEA5305}.Debug|x86.Build.0 = Debug|Win32
		{00CA237C-9930-462E-AA72-39198AEA5305}.Release|x64.ActiveCfg = Release|x64
		{00CA237C-9930-462E-AA72-39198AEA5305}.Release|x64.Build.0 = Release|x64
		{00CA237C-9930-462E-AA72-39198AEA5305}.Release|x86.ActiveCfg = Release|Win32
		{00CA237C-9930-462E-AA72-39198AEA5305}.Release|x86.Build.0 = Release|Win32
		{F2D1A542-1E63-48F6-85D9-65AE91F9389A}.Debug|x64.ActiveCfg = Debug|x64
		{F2D1A542-1E63-48F6-85D9-65AE91F9389A}.Debug|x64.Build.0 = Debug|x64
		{F2D1A542-1E63-48F6-85D9-65AE91F9389A}.Debug|x86.ActiveCfg = Debug|Win32
		{F2D1A542-1E63-48F6-85D9-65AE91F9389A}.Debug|x86.Build.0 = Debug|Win32
		{F2D1A542-1E63-48F6-85D9-65AE91F9389A}.Release|x64.ActiveCfg = Release|x64
		{F2D1A542-1E63-48F6-85D9-65AE91F9389A}.Release|x64.Build.0 = Release|x64
		{F2D1A542-1E63-48F6-85D9-65AE91F9389A}.Release|x86.ActiveCfg = Release|Win32
		{F2D1A542-1E63-48F6-85D9-65AE91F9389A}.Release|x86.Build.0 = Release|Win32
		{B4D5C86C-33D1-46FB-B5BB-8E585E10A445}.Debug|x64.ActiveCfg = Debug|x64
		{B4D5C86C-33D1-46FB-B5BB-8E585E10A445}.Debug|x64.Build.0 = Debug|x64
		{B4D5C86C-33D1-46FB-B5BB-8E585E10A445}.Debug|x86.ActiveCfg = Debug|Win32
		{B4D5C86C-33D1-46FB-B5BB-8E585E10A445}.Debug|x86.Build.0 = Debug|Win32
		{B4D5C86C-33D1-46FB-B5BB-8E585E10A445}.Release|x64.ActiveCfg = Release|x64
		{B4D5C86C-33D1-46FB-B5BB-8E585E10A445}.Release|x64.Build.0 = Release|x64
		{B4D5C86C-33D1-46FB-B5BB-8E585E10A445}.Release|x86.ActiveCfg = Release|Win32
		{B4D5C86C-33D1-46FB-B5BB-8E585E10A445}.Release|x86.Build.0 = Release|Win32
	EndGlobalSection
	GlobalSection(SolutionProperties) = preSolution
		HideSolutionNode = FALSE
	EndGlobalSection
	GlobalSection(ExtensibilityGlobals) = postSolution
		SolutionGuid = {F3B6A72A-E88D-427A-8D01-389621490BC3}
	EndGlobalSection
EndGlobal
